{
  "nodes": {
    "flake-utils": {
      "locked": {
        "lastModified": 1678901627,
        "narHash": "sha256-U02riOqrKKzwjsxc/400XnElV+UtPUQWpANPlyazjH0=",
        "owner": "numtide",
        "repo": "flake-utils",
        "rev": "93a2b84fc4b70d9e089d029deacc3583435c2ed6",
        "type": "github"
      },
      "original": {
        "owner": "numtide",
        "repo": "flake-utils",
        "type": "github"
      }
    },
    "flake-utils_2": {
      "locked": {
        "lastModified": 1667395993,
        "narHash": "sha256-nuEHfE/LcWyuSWnS8t12N1wc105Qtau+/OdUAjtQ0rA=",
        "owner": "numtide",
        "repo": "flake-utils",
        "rev": "5aed5285a952e0b949eb3ba02c12fa4fcfef535f",
        "type": "github"
      },
      "original": {
        "owner": "numtide",
        "repo": "flake-utils",
        "type": "github"
      }
    },
    "flake-utils_3": {
      "locked": {
        "lastModified": 1667395993,
        "narHash": "sha256-nuEHfE/LcWyuSWnS8t12N1wc105Qtau+/OdUAjtQ0rA=",
        "owner": "numtide",
        "repo": "flake-utils",
        "rev": "5aed5285a952e0b949eb3ba02c12fa4fcfef535f",
        "type": "github"
      },
      "original": {
        "owner": "numtide",
        "repo": "flake-utils",
        "type": "github"
      }
    },
    "idris-emacs-src": {
      "flake": false,
      "locked": {
        "lastModified": 1666078909,
        "narHash": "sha256-oYNHFIpcrFfPb4sXJwEBFKeH+PB4AGCrAFrfBrSTCeo=",
        "owner": "redfish64",
        "repo": "idris2-mode",
        "rev": "3bcb52a65c488f31c99d20f235f6050418a84c9d",
        "type": "github"
      },
      "original": {
        "owner": "redfish64",
        "repo": "idris2-mode",
        "type": "github"
      }
    },
    "idris-nix": {
      "inputs": {
        "flake-utils": "flake-utils_2",
        "idris2": "idris2",
        "nixpkgs": "nixpkgs_2",
        "nixpkgs-unstable": "nixpkgs-unstable"
      },
      "locked": {
        "lastModified": 1680012172,
        "narHash": "sha256-hU8XTyxYGmhLpFQfh/oy+tVu2aqyn9Y21SGWNn13lok=",
        "owner": "Perigord-Kleisli",
        "repo": "Idris-nix",
        "rev": "f66394909868a3c30e1487d69e7a38ce982aa166",
        "type": "github"
      },
      "original": {
        "owner": "Perigord-Kleisli",
        "repo": "Idris-nix",
        "type": "github"
      }
    },
    "idris2": {
      "inputs": {
        "flake-utils": "flake-utils_3",
        "idris-emacs-src": "idris-emacs-src",
        "nixpkgs": "nixpkgs"
      },
      "locked": {
        "lastModified": 1679999349,
        "narHash": "sha256-gXKUlZt8RvOmbz/COMnbyvyhG/LVH8VRDXBXQs6/udc=",
        "owner": "idris-lang",
        "repo": "Idris2",
        "rev": "cf63ee2ef2ce72823662f5554f035d007ddc0fda",
        "type": "github"
      },
      "original": {
        "owner": "idris-lang",
        "repo": "Idris2",
        "type": "github"
      }
    },
    "nixpkgs": {
      "locked": {
        "lastModified": 1671864851,
        "narHash": "sha256-Z3L5MSWOyTdVTIVBrLEh2HwgDYGcqf1gnGYFx+7gb/k=",
        "owner": "NixOS",
        "repo": "nixpkgs",
        "rev": "27392c3cb3ddc39123426aa88fe186aa0ea1c253",
        "type": "github"
      },
      "original": {
        "owner": "NixOS",
        "repo": "nixpkgs",
        "type": "github"
      }
    },
    "nixpkgs-unstable": {
      "locked": {
        "lastModified": 1667292599,
        "narHash": "sha256-7ISOUI1aj6UKMPIL+wwthENL22L3+A9V+jS8Is3QsRo=",
        "owner": "NixOS",
        "repo": "nixpkgs",
        "rev": "ef2f213d9659a274985778bff4ca322f3ef3ac68",
        "type": "github"
      },
      "original": {
        "owner": "NixOS",
        "ref": "nixpkgs-unstable",
        "repo": "nixpkgs",
        "type": "github"
      }
    },
    "nixpkgs_2": {
      "locked": {
        "lastModified": 1667292599,
        "narHash": "sha256-7ISOUI1aj6UKMPIL+wwthENL22L3+A9V+jS8Is3QsRo=",
        "owner": "NixOS",
        "repo": "nixpkgs",
        "rev": "ef2f213d9659a274985778bff4ca322f3ef3ac68",
        "type": "github"
      },
      "original": {
        "id": "nixpkgs",
        "type": "indirect"
      }
    },
    "nixpkgs_3": {
      "locked": {
        "lastModified": 1679793451,
        "narHash": "sha256-JafTtgMDATE8dZOImBhWMA9RCn9AP8FVOpN+9K/tTlg=",
        "owner": "NixOS",
        "repo": "nixpkgs",
        "rev": "0cd51a933d91078775b300cf0f29aa3495231aa2",
        "type": "github"
      },
      "original": {
        "id": "nixpkgs",
        "type": "indirect"
      }
    },
    "root": {
      "inputs": {
        "flake-utils": "flake-utils",
        "idris-nix": "idris-nix",
        "nixpkgs": "nixpkgs_3"
      }
    }
  },
  "root": "root",
  "version": 7
}
